# This file was autogenerated by Stack.
# You should not edit this file by hand.
# For more information, please see the documentation at:
#   https://docs.haskellstack.org/en/stable/lock_files

packages:
- completed:
    hackage: Unique-0.4.7.8@sha256:9661f45aa31dde119a2114566166ea38b011a45653337045ee4ced75636533c0,2067
    pantry-tree:
      size: 1366
      sha256: ad77421b187b6b70b073603dca9e63869893d5e6376714f448e56b7326235f40
  original:
    hackage: Unique-0.4.7.8@sha256:9661f45aa31dde119a2114566166ea38b011a45653337045ee4ced75636533c0,2067
snapshots:
- completed:
    size: 532835
    url: https://raw.githubusercontent.com/commercialhaskell/stackage-snapshots/master/lts/16/24.yaml
    sha256: cf2b52420b2262fe9cf0f6744929120131abd6675b1c3fb2d8b155a47f80d103
  original:
    url: https://raw.githubusercontent.com/commercialhaskell/stackage-snapshots/master/lts/16/24.yaml
